
Microsoft Visual Studio Solution File, Format Version 12.00
# Visual Studio Version 16
VisualStudioVersion = 16.0.32002.261
MinimumVisualStudioVersion = 10.0.40219.1
Project("{8BC9CEB8-8B4A-11D0-8D11-00A0C91BC942}") = "not hello", "not hello\not hello.vcxproj", "{5B2B40C8-2873-4F66-8485-8D561276DE6D}"
EndProject
Global
	GlobalSection(SolutionConfigurationPlatforms) = preSolution
		Debug|x64 = Debug|x64
		Debug|x86 = Debug|x86
		Release|x64 = Release|x64
		Release|x86 = Release|x86
	EndGlobalSection
	GlobalSection(ProjectConfigurationPlatforms) = postSolution
		{5B2B40C8-2873-4F66-8485-8D561276DE6D}.Debug|x64.ActiveCfg = Debug|x64
		{5B2B40C8-2873-4F66-8485-8D561276DE6D}.Debug|x64.Build.0 = Debug|x64
		{5B2B40C8-2873-4F66-8485-8D561276DE6D}.Debug|x86.ActiveCfg = Debug|Win32
		{5B2B40C8-2873-4F66-8485-8D561276DE6D}.Debug|x86.Build.0 = Debug|Win32
		{5B2B40C8-2873-4F66-8485-8D561276DE6D}.Release|x64.ActiveCfg = Release|x64
		{5B2B40C8-2873-4F66-8485-8D561276DE6D}.Release|x64.Build.0 = Release|x64
		{5B2B40C8-2873-4F66-8485-8D561276DE6D}.Release|x86.ActiveCfg = Release|Win32
		{5B2B40C8-2873-4F66-8485-8D561276DE6D}.Release|x86.Build.0 = Release|Win32
	EndGlobalSection
	GlobalSection(SolutionProperties) = preSolution
		HideSolutionNode = FALSE
	EndGlobalSection
	GlobalSection(ExtensibilityGlobals) = postSolution
		SolutionGuid = {BA4FDB99-A6BF-40E9-887A-2359657AAB1D}
	EndGlobalSection
EndGlobal
